
Microsoft Visual Studio Solution File, Format Version 12.00
# Visual Studio Version 17
VisualStudioVersion = 17.14.36212.18 d17.14
MinimumVisualStudioVersion = 10.0.40219.1
Project("{FAE04EC0-301F-11D3-BF4B-00C04F79EFBC}") = "GameNewsBotApp", "GameNewsBotApp.csproj", "{F52CD056-0AD7-4298-AB4B-8ECFD29108AD}"
EndProject
Global
	GlobalSection(SolutionConfigurationPlatforms) = preSolution
		Debug|Any CPU = Debug|Any CPU
		Release|Any CPU = Release|Any CPU
	EndGlobalSection
	GlobalSection(ProjectConfigurationPlatforms) = postSolution
		{F52CD056-0AD7-4298-AB4B-8ECFD29108AD}.Debug|Any CPU.ActiveCfg = Debug|Any CPU
		{F52CD056-0AD7-4298-AB4B-8ECFD29108AD}.Debug|Any CPU.Build.0 = Debug|Any CPU
		{F52CD056-0AD7-4298-AB4B-8ECFD29108AD}.Release|Any CPU.ActiveCfg = Release|Any CPU
		{F52CD056-0AD7-4298-AB4B-8ECFD29108AD}.Release|Any CPU.Build.0 = Release|Any CPU
	EndGlobalSection
	GlobalSection(SolutionProperties) = preSolution
		HideSolutionNode = FALSE
	EndGlobalSection
	GlobalSection(ExtensibilityGlobals) = postSolution
		SolutionGuid = {AF231085-4417-44CB-BABF-B450D92EA2B8}
	EndGlobalSection
EndGlobal
